dependencies:
- name: gitlab-runner
  repository: https://charts.gitlab.io
  version: 0.85.0
- name: nats
  repository: https://nats-io.github.io/k8s/helm/charts/
  version: 1.3.16
- name: kube-prometheus-stack
  repository: https://prometheus-community.github.io/helm-charts
  version: 81.2.2
- name: loki
  repository: https://grafana.github.io/helm-charts
  version: 6.51.0
- name: alloy
  repository: https://grafana.github.io/helm-charts
  version: 1.0.3
digest: sha256:506a90db96640d21f6db7a6ba8a5acebe3506b5ae04be74c342f8da52146de9f
generated: "2026-01-28T22:09:25.28244-08:00"
