apiVersion: vendir.k14s.io/v1alpha1
directories:
- contents:
  - git:
      commitTitle: Merge branch 'fix/webserver-gitlab-config' into 'main'...
      sha: 316668c62a743418860e57d323ab15eb9ad661a1
      tags:
      - v0.14.1
    path: .
  path: gkg
- contents:
  - helmChart:
      appVersion: 2.11.10
      version: 1.3.16
    path: nats
  - git:
      commitTitle: Merge branch 'arun/nats-config-change' into 'main'...
      sha: 6a7367a53785ecc51bbaf5780fd4f8cca7fc8531
      tags:
      - v1.9.0-2-g6a7367a
    path: siphon
  path: charts
kind: LockConfig
