apiVersion: vendir.k14s.io/v1alpha1
directories:
- contents:
  - git:
      commitTitle: 'feat: add migration-completion schedule default'
      sha: 72c0521839db11b27b68fe6d8fdea1d7e3c922e3
      tags:
      - v0.18.0-1-g72c0521
    path: .
  path: gkg
- contents:
  - helmChart:
      appVersion: 2.11.10
      version: 1.3.16
    path: nats
  - git:
      commitTitle: Merge branch 'arun/add-reconciler-support' into 'main'...
      sha: 9df79d3f824eabe98cdb1ff40ede130e695b33ca
      tags:
      - v1.10.0
    path: siphon
  path: charts
kind: LockConfig
